{
  "version": 4,
  "terraform_version": "1.13.3",
  "serial": 19,
  "lineage": "5f67fc44-2cc4-0eda-7e2a-229046c4f12c",
  "outputs": {
    "instances_ip": {
      "value": [
        "54.214.160.6",
        "172.17.0.5",
        "172.17.0.3"
      ],
      "type": [
        "tuple",
        [
          "string",
          "string",
          "string"
        ]
      ]
    }
  },
  "resources": [
    {
      "mode": "managed",
      "type": "aws_instance",
      "name": "server_1",
      "provider": "provider[\"registry.terraform.io/hashicorp/aws\"]",
      "instances": [
        {
          "index_key": 0,
          "schema_version": 2,
          "attributes": {
            "ami": "ami-ff0fea8310f3",
            "arn": "arn:aws:ec2:ap-southeast-1:000000000000:instance/i-e6b8f853b17004ea6",
            "associate_public_ip_address": true,
            "availability_zone": "ap-southeast-1a",
            "capacity_reservation_specification": [],
            "cpu_options": [],
            "credit_specification": [],
            "disable_api_stop": false,
            "disable_api_termination": false,
            "ebs_block_device": [],
            "ebs_optimized": false,
            "enable_primary_ipv6": null,
            "enclave_options": [],
            "ephemeral_block_device": [],
            "force_destroy": false,
            "get_password_data": false,
            "hibernation": false,
            "host_id": "",
            "host_resource_group_arn": null,
            "iam_instance_profile": "",
            "id": "i-e6b8f853b17004ea6",
            "instance_initiated_shutdown_behavior": "stop",
            "instance_lifecycle": "",
            "instance_market_options": [],
            "instance_state": "running",
            "instance_type": "t3.micro",
            "ipv6_address_count": 0,
            "ipv6_addresses": [],
            "key_name": "kimang-key-2",
            "launch_template": [],
            "maintenance_options": [],
            "metadata_options": [
              {
                "http_endpoint": "enabled",
                "http_protocol_ipv6": "disabled",
                "http_put_response_hop_limit": 1,
                "http_tokens": "optional",
                "instance_metadata_tags": "disabled"
              }
            ],
            "monitoring": false,
            "network_interface": [],
            "outpost_arn": "",
            "password_data": "",
            "placement_group": "",
            "placement_group_id": "",
            "placement_partition_number": 0,
            "primary_network_interface": [
              {
                "delete_on_termination": true,
                "network_interface_id": "eni-8f251320aad884865"
              }
            ],
            "primary_network_interface_id": "eni-8f251320aad884865",
            "private_dns": "ip-10-97-189-16.ap-southeast-1.compute.internal",
            "private_dns_name_options": [],
            "private_ip": "10.97.189.16",
            "public_dns": "ec2-54-214-160-6.ap-southeast-1.localhost.localstack.cloud",
            "public_ip": "54.214.160.6",
            "region": "ap-southeast-1",
            "root_block_device": [
              {
                "delete_on_termination": true,
                "device_name": "/dev/sda1",
                "encrypted": false,
                "iops": 0,
                "kms_key_id": "",
                "tags": {},
                "tags_all": {},
                "throughput": 0,
                "volume_id": "vol-1667318d84349eaa7",
                "volume_size": 8,
                "volume_type": "gp2"
              }
            ],
            "secondary_private_ips": [],
            "security_groups": [
              "default"
            ],
            "source_dest_check": true,
            "spot_instance_request_id": "",
            "subnet_id": "subnet-5fb01d4b1eeca8264",
            "tags": null,
            "tags_all": {},
            "tenancy": "default",
            "timeouts": null,
            "user_data": "#!/bin/bash\napt update\napt install git -y\napt install curl -y\napt install neofetch -y\n\n# Install NVM\ncurl -o- https://raw.githubusercontent.com/nvm-sh/nvm/v0.39.1/install.sh | bash\n. ~/.nvm/nvm.sh\n\n# Install Node.js 18\nnvm install 18\n\n# Install PM2\nnpm install -g pm2\n\n# Clone Node.js repository\ngit clone https://github.com/KimangKhenng/devops-ex /root/devops-ex\n\n# Navigate to the repository and start the app with PM2\ncd /root/devops-ex\nnpm install\npm2 start app.js --name node-app -- -p 8000\n",
            "user_data_base64": null,
            "user_data_replace_on_change": true,
            "volume_tags": null,
            "vpc_security_group_ids": [
              "sg-8d6c363ff36df9093"
            ]
          },
          "sensitive_attributes": [],
          "identity_schema_version": 0,
          "identity": {
            "account_id": "000000000000",
            "id": "i-e6b8f853b17004ea6",
            "region": "ap-southeast-1"
          },
          "private": "eyJlMmJmYjczMC1lY2FhLTExZTYtOGY4OC0zNDM2M2JjN2M0YzAiOnsiY3JlYXRlIjo2MDAwMDAwMDAwMDAsImRlbGV0ZSI6MTIwMDAwMDAwMDAwMCwicmVhZCI6OTAwMDAwMDAwMDAwLCJ1cGRhdGUiOjYwMDAwMDAwMDAwMH0sInNjaGVtYV92ZXJzaW9uIjoiMiJ9",
          "dependencies": [
            "aws_key_pair.kimang_key_2",
            "aws_security_group.sg_1"
          ]
        },
        {
          "index_key": 1,
          "schema_version": 2,
          "attributes": {
            "ami": "ami-ff0fea8310f3",
            "arn": "arn:aws:ec2:ap-southeast-1:000000000000:instance/i-b7eb6df7850eee0a4",
            "associate_public_ip_address": true,
            "availability_zone": "ap-southeast-1a",
            "capacity_reservation_specification": [],
            "cpu_options": [],
            "credit_specification": [],
            "disable_api_stop": false,
            "disable_api_termination": false,
            "ebs_block_device": [],
            "ebs_optimized": false,
            "enable_primary_ipv6": null,
            "enclave_options": [],
            "ephemeral_block_device": [],
            "force_destroy": false,
            "get_password_data": false,
            "hibernation": false,
            "host_id": "",
            "host_resource_group_arn": null,
            "iam_instance_profile": "",
            "id": "i-b7eb6df7850eee0a4",
            "instance_initiated_shutdown_behavior": "stop",
            "instance_lifecycle": "",
            "instance_market_options": [],
            "instance_state": "running",
            "instance_type": "t3.micro",
            "ipv6_address_count": 0,
            "ipv6_addresses": [],
            "key_name": "kimang-key-2",
            "launch_template": [],
            "maintenance_options": [],
            "metadata_options": [
              {
                "http_endpoint": "enabled",
                "http_protocol_ipv6": "disabled",
                "http_put_response_hop_limit": 1,
                "http_tokens": "optional",
                "instance_metadata_tags": "disabled"
              }
            ],
            "monitoring": false,
            "network_interface": [],
            "outpost_arn": "",
            "password_data": "",
            "placement_group": "",
            "placement_group_id": "",
            "placement_partition_number": 0,
            "primary_network_interface": [
              {
                "delete_on_termination": true,
                "network_interface_id": "eni-508a979d501fdb456"
              }
            ],
            "primary_network_interface_id": "eni-508a979d501fdb456",
            "private_dns": "ip-10-3-152-33.ap-southeast-1.compute.internal",
            "private_dns_name_options": [],
            "private_ip": "10.3.152.33",
            "public_dns": "ec2-172-17-0-5.ap-southeast-1.localhost.localstack.cloud",
            "public_ip": "172.17.0.5",
            "region": "ap-southeast-1",
            "root_block_device": [
              {
                "delete_on_termination": true,
                "device_name": "/dev/sda1",
                "encrypted": false,
                "iops": 0,
                "kms_key_id": "",
                "tags": {},
                "tags_all": {},
                "throughput": 0,
                "volume_id": "vol-5e38e4a98013bb600",
                "volume_size": 8,
                "volume_type": "gp2"
              }
            ],
            "secondary_private_ips": [],
            "security_groups": [
              "default"
            ],
            "source_dest_check": true,
            "spot_instance_request_id": "",
            "subnet_id": "subnet-5fb01d4b1eeca8264",
            "tags": null,
            "tags_all": {},
            "tenancy": "default",
            "timeouts": null,
            "user_data": "#!/bin/bash\napt update\napt install git -y\napt install curl -y\napt install neofetch -y\n\n# Install NVM\ncurl -o- https://raw.githubusercontent.com/nvm-sh/nvm/v0.39.1/install.sh | bash\n. ~/.nvm/nvm.sh\n\n# Install Node.js 18\nnvm install 18\n\n# Install PM2\nnpm install -g pm2\n\n# Clone Node.js repository\ngit clone https://github.com/KimangKhenng/devops-ex /root/devops-ex\n\n# Navigate to the repository and start the app with PM2\ncd /root/devops-ex\nnpm install\npm2 start app.js --name node-app -- -p 8000\n",
            "user_data_base64": null,
            "user_data_replace_on_change": true,
            "volume_tags": null,
            "vpc_security_group_ids": [
              "sg-8d6c363ff36df9093"
            ]
          },
          "sensitive_attributes": [],
          "identity_schema_version": 0,
          "identity": {
            "account_id": "000000000000",
            "id": "i-b7eb6df7850eee0a4",
            "region": "ap-southeast-1"
          },
          "private": "eyJlMmJmYjczMC1lY2FhLTExZTYtOGY4OC0zNDM2M2JjN2M0YzAiOnsiY3JlYXRlIjo2MDAwMDAwMDAwMDAsImRlbGV0ZSI6MTIwMDAwMDAwMDAwMCwicmVhZCI6OTAwMDAwMDAwMDAwLCJ1cGRhdGUiOjYwMDAwMDAwMDAwMH0sInNjaGVtYV92ZXJzaW9uIjoiMiJ9",
          "dependencies": [
            "aws_key_pair.kimang_key_2",
            "aws_security_group.sg_1"
          ]
        },
        {
          "index_key": 2,
          "schema_version": 2,
          "attributes": {
            "ami": "ami-ff0fea8310f3",
            "arn": "arn:aws:ec2:ap-southeast-1:000000000000:instance/i-12a9d06cf7f1acd7c",
            "associate_public_ip_address": true,
            "availability_zone": "ap-southeast-1a",
            "capacity_reservation_specification": [],
            "cpu_options": [],
            "credit_specification": [],
            "disable_api_stop": false,
            "disable_api_termination": false,
            "ebs_block_device": [],
            "ebs_optimized": false,
            "enable_primary_ipv6": null,
            "enclave_options": [],
            "ephemeral_block_device": [],
            "force_destroy": false,
            "get_password_data": false,
            "hibernation": false,
            "host_id": "",
            "host_resource_group_arn": null,
            "iam_instance_profile": "",
            "id": "i-12a9d06cf7f1acd7c",
            "instance_initiated_shutdown_behavior": "stop",
            "instance_lifecycle": "",
            "instance_market_options": [],
            "instance_state": "running",
            "instance_type": "t3.micro",
            "ipv6_address_count": 0,
            "ipv6_addresses": [],
            "key_name": "kimang-key-2",
            "launch_template": [],
            "maintenance_options": [],
            "metadata_options": [
              {
                "http_endpoint": "enabled",
                "http_protocol_ipv6": "disabled",
                "http_put_response_hop_limit": 1,
                "http_tokens": "optional",
                "instance_metadata_tags": "disabled"
              }
            ],
            "monitoring": false,
            "network_interface": [],
            "outpost_arn": "",
            "password_data": "",
            "placement_group": "",
            "placement_group_id": "",
            "placement_partition_number": 0,
            "primary_network_interface": [
              {
                "delete_on_termination": true,
                "network_interface_id": "eni-651f606d3ad3aad07"
              }
            ],
            "primary_network_interface_id": "eni-651f606d3ad3aad07",
            "private_dns": "ip-10-248-107-63.ap-southeast-1.compute.internal",
            "private_dns_name_options": [],
            "private_ip": "10.248.107.63",
            "public_dns": "ec2-172-17-0-3.ap-southeast-1.localhost.localstack.cloud",
            "public_ip": "172.17.0.3",
            "region": "ap-southeast-1",
            "root_block_device": [
              {
                "delete_on_termination": true,
                "device_name": "/dev/sda1",
                "encrypted": false,
                "iops": 0,
                "kms_key_id": "",
                "tags": {},
                "tags_all": {},
                "throughput": 0,
                "volume_id": "vol-119bfe93c41396dca",
                "volume_size": 8,
                "volume_type": "gp2"
              }
            ],
            "secondary_private_ips": [],
            "security_groups": [
              "default"
            ],
            "source_dest_check": true,
            "spot_instance_request_id": "",
            "subnet_id": "subnet-5fb01d4b1eeca8264",
            "tags": null,
            "tags_all": {},
            "tenancy": "default",
            "timeouts": null,
            "user_data": "#!/bin/bash\napt update\napt install git -y\napt install curl -y\napt install neofetch -y\n\n# Install NVM\ncurl -o- https://raw.githubusercontent.com/nvm-sh/nvm/v0.39.1/install.sh | bash\n. ~/.nvm/nvm.sh\n\n# Install Node.js 18\nnvm install 18\n\n# Install PM2\nnpm install -g pm2\n\n# Clone Node.js repository\ngit clone https://github.com/KimangKhenng/devops-ex /root/devops-ex\n\n# Navigate to the repository and start the app with PM2\ncd /root/devops-ex\nnpm install\npm2 start app.js --name node-app -- -p 8000\n",
            "user_data_base64": null,
            "user_data_replace_on_change": true,
            "volume_tags": null,
            "vpc_security_group_ids": [
              "sg-8d6c363ff36df9093"
            ]
          },
          "sensitive_attributes": [],
          "identity_schema_version": 0,
          "identity": {
            "account_id": "000000000000",
            "id": "i-12a9d06cf7f1acd7c",
            "region": "ap-southeast-1"
          },
          "private": "eyJlMmJmYjczMC1lY2FhLTExZTYtOGY4OC0zNDM2M2JjN2M0YzAiOnsiY3JlYXRlIjo2MDAwMDAwMDAwMDAsImRlbGV0ZSI6MTIwMDAwMDAwMDAwMCwicmVhZCI6OTAwMDAwMDAwMDAwLCJ1cGRhdGUiOjYwMDAwMDAwMDAwMH0sInNjaGVtYV92ZXJzaW9uIjoiMiJ9",
          "dependencies": [
            "aws_key_pair.kimang_key_2",
            "aws_security_group.sg_1"
          ]
        }
      ]
    },
    {
      "mode": "managed",
      "type": "aws_key_pair",
      "name": "kimang_key_2",
      "provider": "provider[\"registry.terraform.io/hashicorp/aws\"]",
      "instances": [
        {
          "schema_version": 1,
          "attributes": {
            "arn": "arn:aws:ec2:ap-southeast-1:000000000000:key-pair/kimang-key-2",
            "fingerprint": "94:a5:b2:8d:01:17:8d:cf:b4:1b:76:cf:dc:fd:f9:07",
            "id": "kimang-key-2",
            "key_name": "kimang-key-2",
            "key_name_prefix": "",
            "key_pair_id": "key-3351d686b258f327e",
            "key_type": "",
            "public_key": "ssh-rsa AAAAB3NzaC1yc2EAAAADAQABAAABAQDI+9lix2cTuUz3s8amgF1SoP2wuqY0il+xsQU+Mw2gCHfe9hfWZ5osYSf2DRDpx7V8YsZmHzu62u+kIZ09Pwebqonfb6+gHTVHYy1B5jhghhryE6a3IRfwFo0rQnJRn3OjciDkS7fUZ2f3NFPy4Xxp24vr5YNDUOvjAxOU5IlXdIm1SeMSXMyh3gNTHz7pDN8i4NICxSk0ieqvjQaZDNJwwJRbujcrtyPcODTDxSZM5JvtVbWmJ8hwqDKfgTLjmjY8kHUTj2FOU25i8xErmkSLqx3sTJei61kT8MS+GIBhbJTJj8XSNYivlo/J6ZUH04GIoyIv+XSvMk2UsadAJ1jd kimang@KIMs-MacBook-Pro.local",
            "region": "ap-southeast-1",
            "tags": null,
            "tags_all": {}
          },
          "sensitive_attributes": [],
          "identity_schema_version": 0,
          "private": "eyJzY2hlbWFfdmVyc2lvbiI6IjEifQ=="
        }
      ]
    },
    {
      "mode": "managed",
      "type": "aws_security_group",
      "name": "sg_1",
      "provider": "provider[\"registry.terraform.io/hashicorp/aws\"]",
      "instances": [
        {
          "schema_version": 1,
          "attributes": {
            "arn": "arn:aws:ec2:ap-southeast-1:000000000000:security-group/sg-8d6c363ff36df9093",
            "description": "Managed by Terraform",
            "egress": [
              {
                "cidr_blocks": [
                  "0.0.0.0/0"
                ],
                "description": "",
                "from_port": 0,
                "ipv6_cidr_blocks": [],
                "prefix_list_ids": [],
                "protocol": "-1",
                "security_groups": [],
                "self": false,
                "to_port": 0
              }
            ],
            "id": "sg-8d6c363ff36df9093",
            "ingress": [
              {
                "cidr_blocks": [
                  "0.0.0.0/0"
                ],
                "description": "App Port",
                "from_port": 8000,
                "ipv6_cidr_blocks": [],
                "prefix_list_ids": [],
                "protocol": "tcp",
                "security_groups": [],
                "self": false,
                "to_port": 8000
              }
            ],
            "name": "default",
            "name_prefix": "",
            "owner_id": "000000000000",
            "region": "ap-southeast-1",
            "revoke_rules_on_delete": false,
            "tags": null,
            "tags_all": {},
            "timeouts": null,
            "vpc_id": "vpc-0b6593c3f39b627c4"
          },
          "sensitive_attributes": [],
          "identity_schema_version": 0,
          "identity": {
            "account_id": "000000000000",
            "id": "sg-8d6c363ff36df9093",
            "region": "ap-southeast-1"
          },
          "private": "eyJlMmJmYjczMC1lY2FhLTExZTYtOGY4OC0zNDM2M2JjN2M0YzAiOnsiY3JlYXRlIjo2MDAwMDAwMDAwMDAsImRlbGV0ZSI6OTAwMDAwMDAwMDAwfSwic2NoZW1hX3ZlcnNpb24iOiIxIn0="
        }
      ]
    }
  ],
  "check_results": null
}
